
Microsoft Visual Studio Solution File, Format Version 12.00
# Visual Studio Version 16
VisualStudioVersion = 16.0.30804.86
MinimumVisualStudioVersion = 10.0.40219.1
Project("{9A19103F-16F7-4668-BE54-9A1E7A4F7556}") = "DuckInterface.Analyzers", "DuckInterface.Analyzers\DuckInterface.Analyzers\DuckInterface.Analyzers.csproj", "{1A355DE9-308B-44C3-8FE7-EA4868948228}"
EndProject
Project("{9A19103F-16F7-4668-BE54-9A1E7A4F7556}") = "DuckInterface.CodeFixes", "DuckInterface.Analyzers\DuckInterface.CodeFixes\DuckInterface.CodeFixes.csproj", "{37FFE669-DC11-48DF-9642-71CE149FE01B}"
EndProject
Project("{9A19103F-16F7-4668-BE54-9A1E7A4F7556}") = "DuckInterface.Tests", "DuckInterface.Analyzers\DuckInterface.Tests\DuckInterface.Tests.csproj", "{E05990D8-4D63-4270-BF08-35FA3EFEBA97}"
EndProject
Project("{2150E333-8FDC-42A3-9474-1A3956D46DE8}") = "Solution", "Solution", "{F52B3E38-B86F-4F2E-A0E7-34E12D4CF7EE}"
	ProjectSection(SolutionItems) = preProject
		.gitignore = .gitignore
	EndProjectSection
EndProject
Project("{9A19103F-16F7-4668-BE54-9A1E7A4F7556}") = "DuckInterface.Core", "DuckInterface.Core\DuckInterface.Core.csproj", "{F141A5FF-677C-4AB8-9CC2-FEC566620A10}"
EndProject
Project("{FAE04EC0-301F-11D3-BF4B-00C04F79EFBC}") = "DuckInterface", "DuckInterface\DuckInterface.csproj", "{CDFC2E91-AC32-4386-AA9A-4CC052CE6EFA}"
EndProject
Global
	GlobalSection(SolutionConfigurationPlatforms) = preSolution
		Debug|Any CPU = Debug|Any CPU
		Release|Any CPU = Release|Any CPU
	EndGlobalSection
	GlobalSection(ProjectConfigurationPlatforms) = postSolution
		{1A355DE9-308B-44C3-8FE7-EA4868948228}.Debug|Any CPU.ActiveCfg = Debug|Any CPU
		{1A355DE9-308B-44C3-8FE7-EA4868948228}.Debug|Any CPU.Build.0 = Debug|Any CPU
		{1A355DE9-308B-44C3-8FE7-EA4868948228}.Release|Any CPU.ActiveCfg = Release|Any CPU
		{1A355DE9-308B-44C3-8FE7-EA4868948228}.Release|Any CPU.Build.0 = Release|Any CPU
		{37FFE669-DC11-48DF-9642-71CE149FE01B}.Debug|Any CPU.ActiveCfg = Debug|Any CPU
		{37FFE669-DC11-48DF-9642-71CE149FE01B}.Debug|Any CPU.Build.0 = Debug|Any CPU
		{37FFE669-DC11-48DF-9642-71CE149FE01B}.Release|Any CPU.ActiveCfg = Release|Any CPU
		{37FFE669-DC11-48DF-9642-71CE149FE01B}.Release|Any CPU.Build.0 = Release|Any CPU
		{E05990D8-4D63-4270-BF08-35FA3EFEBA97}.Debug|Any CPU.ActiveCfg = Debug|Any CPU
		{E05990D8-4D63-4270-BF08-35FA3EFEBA97}.Debug|Any CPU.Build.0 = Debug|Any CPU
		{E05990D8-4D63-4270-BF08-35FA3EFEBA97}.Release|Any CPU.ActiveCfg = Release|Any CPU
		{E05990D8-4D63-4270-BF08-35FA3EFEBA97}.Release|Any CPU.Build.0 = Release|Any CPU
		{F141A5FF-677C-4AB8-9CC2-FEC566620A10}.Debug|Any CPU.ActiveCfg = Debug|Any CPU
		{F141A5FF-677C-4AB8-9CC2-FEC566620A10}.Debug|Any CPU.Build.0 = Debug|Any CPU
		{F141A5FF-677C-4AB8-9CC2-FEC566620A10}.Release|Any CPU.ActiveCfg = Release|Any CPU
		{F141A5FF-677C-4AB8-9CC2-FEC566620A10}.Release|Any CPU.Build.0 = Release|Any CPU
		{CDFC2E91-AC32-4386-AA9A-4CC052CE6EFA}.Debug|Any CPU.ActiveCfg = Debug|Any CPU
		{CDFC2E91-AC32-4386-AA9A-4CC052CE6EFA}.Debug|Any CPU.Build.0 = Debug|Any CPU
		{CDFC2E91-AC32-4386-AA9A-4CC052CE6EFA}.Release|Any CPU.ActiveCfg = Release|Any CPU
		{CDFC2E91-AC32-4386-AA9A-4CC052CE6EFA}.Release|Any CPU.Build.0 = Release|Any CPU
	EndGlobalSection
	GlobalSection(SolutionProperties) = preSolution
		HideSolutionNode = FALSE
	EndGlobalSection
	GlobalSection(ExtensibilityGlobals) = postSolution
		SolutionGuid = {AE099F06-9B81-4A9E-BC27-C7A1B75E5A9A}
	EndGlobalSection
EndGlobal
